// !$*UTF8*$!
{
	archiveVersion = 1;
	classes = {
	};
	objectVersion = 56;
	objects = {

/* Begin PBXBuildFile section */
		E9636B272A7BF7EE006AF0BB /* DropViewDelegate.swift in Sources */ = {isa = PBXBuildFile; fileRef = E9636B262A7BF7EE006AF0BB /* DropViewDelegate.swift */; };
		E9636B2A2A7BF85B006AF0BB /* OrderStorageService.swift in Sources */ = {isa = PBXBuildFile; fileRef = E9636B292A7BF85B006AF0BB /* OrderStorageService.swift */; };
		E97D9F0E2A80089A00333816 /* LocalizationService.swift in Sources */ = {isa = PBXBuildFile; fileRef = E97D9F0D2A80089A00333816 /* LocalizationService.swift */; };
		E97D9F112A800FC400333816 /* HomeHeader.swift in Sources */ = {isa = PBXBuildFile; fileRef = E97D9F102A800FC400333816 /* HomeHeader.swift */; };
		E998E10C2A7D82440047530E /* BlankView.swift in Sources */ = {isa = PBXBuildFile; fileRef = E998E10B2A7D82440047530E /* BlankView.swift */; };
		E99934032A7B4FD500323C4D /* GridElement.swift in Sources */ = {isa = PBXBuildFile; fileRef = E99934022A7B4FD500323C4D /* GridElement.swift */; };
		E9A2B7462A80032600B933AA /* Strings.swift in Sources */ = {isa = PBXBuildFile; fileRef = E9A2B7452A80032600B933AA /* Strings.swift */; };
		E9A8AE772A6D9D8800ED9FD4 /* Haptic_ToyApp.swift in Sources */ = {isa = PBXBuildFile; fileRef = E9A8AE762A6D9D8800ED9FD4 /* Haptic_ToyApp.swift */; };
		E9A8AE792A6D9D8800ED9FD4 /* ContentView.swift in Sources */ = {isa = PBXBuildFile; fileRef = E9A8AE782A6D9D8800ED9FD4 /* ContentView.swift */; };
		E9A8AE7B2A6D9D8B00ED9FD4 /* Assets.xcassets in Resources */ = {isa = PBXBuildFile; fileRef = E9A8AE7A2A6D9D8B00ED9FD4 /* Assets.xcassets */; };
		E9A8AE7E2A6D9D8B00ED9FD4 /* Preview Assets.xcassets in Resources */ = {isa = PBXBuildFile; fileRef = E9A8AE7D2A6D9D8B00ED9FD4 /* Preview Assets.xcassets */; };
		E9A8AE862A6DA8FF00ED9FD4 /* HapticManager.swift in Sources */ = {isa = PBXBuildFile; fileRef = E9A8AE852A6DA8FF00ED9FD4 /* HapticManager.swift */; };
		E9A8AE8B2A6DAD3B00ED9FD4 /* CheckboxStyle.swift in Sources */ = {isa = PBXBuildFile; fileRef = E9A8AE8A2A6DAD3B00ED9FD4 /* CheckboxStyle.swift */; };
		E9A8AE902A6DE25F00ED9FD4 /* NumberPickerView.swift in Sources */ = {isa = PBXBuildFile; fileRef = E9A8AE8F2A6DE25F00ED9FD4 /* NumberPickerView.swift */; };
		E9A8AE922A6DE69100ED9FD4 /* ToggleView.swift in Sources */ = {isa = PBXBuildFile; fileRef = E9A8AE912A6DE69100ED9FD4 /* ToggleView.swift */; };
		E9A8AE942A6DE78E00ED9FD4 /* SlidersView.swift in Sources */ = {isa = PBXBuildFile; fileRef = E9A8AE932A6DE78E00ED9FD4 /* SlidersView.swift */; };
		E9A8AE962A6DEBB000ED9FD4 /* SegmentedPicker.swift in Sources */ = {isa = PBXBuildFile; fileRef = E9A8AE952A6DEBB000ED9FD4 /* SegmentedPicker.swift */; };
		E9A8AE982A6DEFCB00ED9FD4 /* CatView.swift in Sources */ = {isa = PBXBuildFile; fileRef = E9A8AE972A6DEFCB00ED9FD4 /* CatView.swift */; };
		E9A8AE9A2A6DF12600ED9FD4 /* HeartsView.swift in Sources */ = {isa = PBXBuildFile; fileRef = E9A8AE992A6DF12600ED9FD4 /* HeartsView.swift */; };
		E9A8AE9C2A6E961100ED9FD4 /* AudioPlayer.swift in Sources */ = {isa = PBXBuildFile; fileRef = E9A8AE9B2A6E961100ED9FD4 /* AudioPlayer.swift */; };
		E9A8AE9F2A6E96A900ED9FD4 /* purring.wav in Resources */ = {isa = PBXBuildFile; fileRef = E9A8AE9E2A6E96A900ED9FD4 /* purring.wav */; };
		E9A8AEA12A6FFAA800ED9FD4 /* NavigationGrid.swift in Sources */ = {isa = PBXBuildFile; fileRef = E9A8AEA02A6FFAA800ED9FD4 /* NavigationGrid.swift */; };
		E9A8AEA92A754AB100ED9FD4 /* SliderMenuButtonView.swift in Sources */ = {isa = PBXBuildFile; fileRef = E9A8AEA82A754AB100ED9FD4 /* SliderMenuButtonView.swift */; };
		E9A8AEAB2A75509500ED9FD4 /* Constants.swift in Sources */ = {isa = PBXBuildFile; fileRef = E9A8AEAA2A75509500ED9FD4 /* Constants.swift */; };
		E9A8AEAD2A755ACD00ED9FD4 /* HelpView.swift in Sources */ = {isa = PBXBuildFile; fileRef = E9A8AEAC2A755ACD00ED9FD4 /* HelpView.swift */; };
		E9A8AEB12A7580F100ED9FD4 /* ToolbarHelpButton.swift in Sources */ = {isa = PBXBuildFile; fileRef = E9A8AEB02A7580F100ED9FD4 /* ToolbarHelpButton.swift */; };
		E9DAD1882A7D13F700E03A22 /* LaunchView.swift in Sources */ = {isa = PBXBuildFile; fileRef = E9DAD1872A7D13F700E03A22 /* LaunchView.swift */; };
		E9DAD18B2A7D6EC800E03A22 /* SettingsView.swift in Sources */ = {isa = PBXBuildFile; fileRef = E9DAD18A2A7D6EC800E03A22 /* SettingsView.swift */; };
		E9E7781F2A7804C600FBBE4D /* BubbleMenuButtonView.swift in Sources */ = {isa = PBXBuildFile; fileRef = E9E7781E2A7804C600FBBE4D /* BubbleMenuButtonView.swift */; };
		E9E778232A78677000FBBE4D /* pop.mp3 in Resources */ = {isa = PBXBuildFile; fileRef = E9E778222A78677000FBBE4D /* pop.mp3 */; };
		E9E778372A796C9F00FBBE4D /* pop2.mp3 in Resources */ = {isa = PBXBuildFile; fileRef = E9E778362A796C9F00FBBE4D /* pop2.mp3 */; };
		E9E7783A2A79CD4300FBBE4D /* Localizable.strings in Resources */ = {isa = PBXBuildFile; fileRef = E9E7783C2A79CD4300FBBE4D /* Localizable.strings */; };
		E9FF6E632A75B97A00DF9B87 /* BubbleWrapView.swift in Sources */ = {isa = PBXBuildFile; fileRef = E9FF6E622A75B97A00DF9B87 /* BubbleWrapView.swift */; };
		E9FF6E652A75B99D00DF9B87 /* BubbleView.swift in Sources */ = {isa = PBXBuildFile; fileRef = E9FF6E642A75B99D00DF9B87 /* BubbleView.swift */; };
/* End PBXBuildFile section */

/* Begin PBXFileReference section */
		E9636B262A7BF7EE006AF0BB /* DropViewDelegate.swift */ = {isa = PBXFileReference; lastKnownFileType = sourcecode.swift; path = DropViewDelegate.swift; sourceTree = "<group>"; };
		E9636B292A7BF85B006AF0BB /* OrderStorageService.swift */ = {isa = PBXFileReference; lastKnownFileType = sourcecode.swift; path = OrderStorageService.swift; sourceTree = "<group>"; };
		E97D9F0D2A80089A00333816 /* LocalizationService.swift */ = {isa = PBXFileReference; lastKnownFileType = sourcecode.swift; path = LocalizationService.swift; sourceTree = "<group>"; };
		E97D9F102A800FC400333816 /* HomeHeader.swift */ = {isa = PBXFileReference; lastKnownFileType = sourcecode.swift; path = HomeHeader.swift; sourceTree = "<group>"; };
		E998E10B2A7D82440047530E /* BlankView.swift */ = {isa = PBXFileReference; lastKnownFileType = sourcecode.swift; path = BlankView.swift; sourceTree = "<group>"; };
		E99934022A7B4FD500323C4D /* GridElement.swift */ = {isa = PBXFileReference; lastKnownFileType = sourcecode.swift; path = GridElement.swift; sourceTree = "<group>"; };
		E9A2B7452A80032600B933AA /* Strings.swift */ = {isa = PBXFileReference; lastKnownFileType = sourcecode.swift; path = Strings.swift; sourceTree = "<group>"; };
		E9A8AE732A6D9D8800ED9FD4 /* Haptic Toy.app */ = {isa = PBXFileReference; explicitFileType = wrapper.application; includeInIndex = 0; path = "Haptic Toy.app"; sourceTree = BUILT_PRODUCTS_DIR; };
		E9A8AE762A6D9D8800ED9FD4 /* Haptic_ToyApp.swift */ = {isa = PBXFileReference; lastKnownFileType = sourcecode.swift; path = Haptic_ToyApp.swift; sourceTree = "<group>"; };
		E9A8AE782A6D9D8800ED9FD4 /* ContentView.swift */ = {isa = PBXFileReference; lastKnownFileType = sourcecode.swift; path = ContentView.swift; sourceTree = "<group>"; };
		E9A8AE7A2A6D9D8B00ED9FD4 /* Assets.xcassets */ = {isa = PBXFileReference; lastKnownFileType = folder.assetcatalog; path = Assets.xcassets; sourceTree = "<group>"; };
		E9A8AE7D2A6D9D8B00ED9FD4 /* Preview Assets.xcassets */ = {isa = PBXFileReference; lastKnownFileType = folder.assetcatalog; path = "Preview Assets.xcassets"; sourceTree = "<group>"; };
		E9A8AE852A6DA8FF00ED9FD4 /* HapticManager.swift */ = {isa = PBXFileReference; lastKnownFileType = sourcecode.swift; path = HapticManager.swift; sourceTree = "<group>"; };
		E9A8AE8A2A6DAD3B00ED9FD4 /* CheckboxStyle.swift */ = {isa = PBXFileReference; lastKnownFileType = sourcecode.swift; path = CheckboxStyle.swift; sourceTree = "<group>"; };
		E9A8AE8F2A6DE25F00ED9FD4 /* NumberPickerView.swift */ = {isa = PBXFileReference; lastKnownFileType = sourcecode.swift; path = NumberPickerView.swift; sourceTree = "<group>"; };
		E9A8AE912A6DE69100ED9FD4 /* ToggleView.swift */ = {isa = PBXFileReference; lastKnownFileType = sourcecode.swift; path = ToggleView.swift; sourceTree = "<group>"; };
		E9A8AE932A6DE78E00ED9FD4 /* SlidersView.swift */ = {isa = PBXFileReference; lastKnownFileType = sourcecode.swift; path = SlidersView.swift; sourceTree = "<group>"; };
		E9A8AE952A6DEBB000ED9FD4 /* SegmentedPicker.swift */ = {isa = PBXFileReference; lastKnownFileType = sourcecode.swift; path = SegmentedPicker.swift; sourceTree = "<group>"; };
		E9A8AE972A6DEFCB00ED9FD4 /* CatView.swift */ = {isa = PBXFileReference; lastKnownFileType = sourcecode.swift; path = CatView.swift; sourceTree = "<group>"; };
		E9A8AE992A6DF12600ED9FD4 /* HeartsView.swift */ = {isa = PBXFileReference; lastKnownFileType = sourcecode.swift; path = HeartsView.swift; sourceTree = "<group>"; };
		E9A8AE9B2A6E961100ED9FD4 /* AudioPlayer.swift */ = {isa = PBXFileReference; lastKnownFileType = sourcecode.swift; path = AudioPlayer.swift; sourceTree = "<group>"; };
		E9A8AE9E2A6E96A900ED9FD4 /* purring.wav */ = {isa = PBXFileReference; lastKnownFileType = audio.wav; path = purring.wav; sourceTree = "<group>"; };
		E9A8AEA02A6FFAA800ED9FD4 /* NavigationGrid.swift */ = {isa = PBXFileReference; lastKnownFileType = sourcecode.swift; path = NavigationGrid.swift; sourceTree = "<group>"; };
		E9A8AEA82A754AB100ED9FD4 /* SliderMenuButtonView.swift */ = {isa = PBXFileReference; lastKnownFileType = sourcecode.swift; path = SliderMenuButtonView.swift; sourceTree = "<group>"; };
		E9A8AEAA2A75509500ED9FD4 /* Constants.swift */ = {isa = PBXFileReference; lastKnownFileType = sourcecode.swift; path = Constants.swift; sourceTree = "<group>"; };
		E9A8AEAC2A755ACD00ED9FD4 /* HelpView.swift */ = {isa = PBXFileReference; lastKnownFileType = sourcecode.swift; path = HelpView.swift; sourceTree = "<group>"; };
		E9A8AEB02A7580F100ED9FD4 /* ToolbarHelpButton.swift */ = {isa = PBXFileReference; lastKnownFileType = sourcecode.swift; path = ToolbarHelpButton.swift; sourceTree = "<group>"; };
		E9DAD1862A7CF1CE00E03A22 /* Haptic-Toy-Info.plist */ = {isa = PBXFileReference; lastKnownFileType = text.plist; path = "Haptic-Toy-Info.plist"; sourceTree = SOURCE_ROOT; };
		E9DAD1872A7D13F700E03A22 /* LaunchView.swift */ = {isa = PBXFileReference; lastKnownFileType = sourcecode.swift; path = LaunchView.swift; sourceTree = "<group>"; };
		E9DAD18A2A7D6EC800E03A22 /* SettingsView.swift */ = {isa = PBXFileReference; lastKnownFileType = sourcecode.swift; path = SettingsView.swift; sourceTree = "<group>"; };
		E9E7781E2A7804C600FBBE4D /* BubbleMenuButtonView.swift */ = {isa = PBXFileReference; lastKnownFileType = sourcecode.swift; path = BubbleMenuButtonView.swift; sourceTree = "<group>"; };
		E9E778222A78677000FBBE4D /* pop.mp3 */ = {isa = PBXFileReference; lastKnownFileType = audio.mp3; path = pop.mp3; sourceTree = "<group>"; };
		E9E778362A796C9F00FBBE4D /* pop2.mp3 */ = {isa = PBXFileReference; lastKnownFileType = audio.mp3; path = pop2.mp3; sourceTree = "<group>"; };
		E9E7783B2A79CD4300FBBE4D /* en */ = {isa = PBXFileReference; lastKnownFileType = text.plist.strings; name = en; path = en.lproj/Localizable.strings; sourceTree = "<group>"; };
		E9E7783D2A79CD4900FBBE4D /* ru */ = {isa = PBXFileReference; lastKnownFileType = text.plist.strings; name = ru; path = ru.lproj/Localizable.strings; sourceTree = "<group>"; };
		E9FF6E622A75B97A00DF9B87 /* BubbleWrapView.swift */ = {isa = PBXFileReference; lastKnownFileType = sourcecode.swift; path = BubbleWrapView.swift; sourceTree = "<group>"; };
		E9FF6E642A75B99D00DF9B87 /* BubbleView.swift */ = {isa = PBXFileReference; lastKnownFileType = sourcecode.swift; path = BubbleView.swift; sourceTree = "<group>"; };
/* End PBXFileReference section */

/* Begin PBXFrameworksBuildPhase section */
		E9A8AE702A6D9D8800ED9FD4 /* Frameworks */ = {
			isa = PBXFrameworksBuildPhase;
			buildActionMask = 2147483647;
			files = (
			);
			runOnlyForDeploymentPostprocessing = 0;
		};
/* End PBXFrameworksBuildPhase section */

/* Begin PBXGroup section */
		E9636B282A7BF84A006AF0BB /* Services */ = {
			isa = PBXGroup;
			children = (
				E9636B292A7BF85B006AF0BB /* OrderStorageService.swift */,
				E97D9F0D2A80089A00333816 /* LocalizationService.swift */,
			);
			path = Services;
			sourceTree = "<group>";
		};
		E9A2B7442A8002EE00B933AA /* Extensions */ = {
			isa = PBXGroup;
			children = (
				E9A2B7452A80032600B933AA /* Strings.swift */,
			);
			path = Extensions;
			sourceTree = "<group>";
		};
		E9A8AE6A2A6D9D8800ED9FD4 = {
			isa = PBXGroup;
			children = (
				E9A8AE752A6D9D8800ED9FD4 /* Haptic Toy */,
				E9A8AE742A6D9D8800ED9FD4 /* Products */,
			);
			sourceTree = "<group>";
		};
		E9A8AE742A6D9D8800ED9FD4 /* Products */ = {
			isa = PBXGroup;
			children = (
				E9A8AE732A6D9D8800ED9FD4 /* Haptic Toy.app */,
			);
			name = Products;
			sourceTree = "<group>";
		};
		E9A8AE752A6D9D8800ED9FD4 /* Haptic Toy */ = {
			isa = PBXGroup;
			children = (
				E9DAD1862A7CF1CE00E03A22 /* Haptic-Toy-Info.plist */,
				E9A8AE762A6D9D8800ED9FD4 /* Haptic_ToyApp.swift */,
				E9A8AE782A6D9D8800ED9FD4 /* ContentView.swift */,
				E9A2B7442A8002EE00B933AA /* Extensions */,
				E9636B282A7BF84A006AF0BB /* Services */,
				E9E7781A2A77F36F00FBBE4D /* ViewModel */,
				E9E778192A77F36A00FBBE4D /* View */,
				E9E778182A77F36400FBBE4D /* Model */,
				E9A8AE8C2A6DE1B600ED9FD4 /* Core */,
				E9A8AE872A6DACFB00ED9FD4 /* Style */,
				E9A8AE9D2A6E968000ED9FD4 /* Sounds */,
				E9A8AE842A6DA8E700ED9FD4 /* Utilities */,
				E9A8AE7A2A6D9D8B00ED9FD4 /* Assets.xcassets */,
				E9A8AE7C2A6D9D8B00ED9FD4 /* Preview Content */,
				E9E7783C2A79CD4300FBBE4D /* Localizable.strings */,
			);
			path = "Haptic Toy";
			sourceTree = "<group>";
		};
		E9A8AE7C2A6D9D8B00ED9FD4 /* Preview Content */ = {
			isa = PBXGroup;
			children = (
				E9A8AE7D2A6D9D8B00ED9FD4 /* Preview Assets.xcassets */,
			);
			path = "Preview Content";
			sourceTree = "<group>";
		};
		E9A8AE842A6DA8E700ED9FD4 /* Utilities */ = {
			isa = PBXGroup;
			children = (
				E9A8AEAA2A75509500ED9FD4 /* Constants.swift */,
				E9636B262A7BF7EE006AF0BB /* DropViewDelegate.swift */,
			);
			path = Utilities;
			sourceTree = "<group>";
		};
		E9A8AE872A6DACFB00ED9FD4 /* Style */ = {
			isa = PBXGroup;
			children = (
				E9A8AE8A2A6DAD3B00ED9FD4 /* CheckboxStyle.swift */,
			);
			path = Style;
			sourceTree = "<group>";
		};
		E9A8AE8C2A6DE1B600ED9FD4 /* Core */ = {
			isa = PBXGroup;
			children = (
				E9A8AE8D2A6DE1E300ED9FD4 /* Components */,
			);
			path = Core;
			sourceTree = "<group>";
		};
		E9A8AE8D2A6DE1E300ED9FD4 /* Components */ = {
			isa = PBXGroup;
			children = (
				E9A8AE952A6DEBB000ED9FD4 /* SegmentedPicker.swift */,
				E9A8AEA02A6FFAA800ED9FD4 /* NavigationGrid.swift */,
				E97D9F102A800FC400333816 /* HomeHeader.swift */,
				E9DAD1872A7D13F700E03A22 /* LaunchView.swift */,
				E998E10B2A7D82440047530E /* BlankView.swift */,
			);
			path = Components;
			sourceTree = "<group>";
		};
		E9A8AE9D2A6E968000ED9FD4 /* Sounds */ = {
			isa = PBXGroup;
			children = (
				E9E778222A78677000FBBE4D /* pop.mp3 */,
				E9E778362A796C9F00FBBE4D /* pop2.mp3 */,
				E9A8AE9E2A6E96A900ED9FD4 /* purring.wav */,
			);
			path = Sounds;
			sourceTree = "<group>";
		};
		E9DAD1892A7D6EB800E03A22 /* SettingsView */ = {
			isa = PBXGroup;
			children = (
				E9DAD18A2A7D6EC800E03A22 /* SettingsView.swift */,
			);
			path = SettingsView;
			sourceTree = "<group>";
		};
		E9E778182A77F36400FBBE4D /* Model */ = {
			isa = PBXGroup;
			children = (
				E9A8AE852A6DA8FF00ED9FD4 /* HapticManager.swift */,
				E9A8AE9B2A6E961100ED9FD4 /* AudioPlayer.swift */,
				E99934022A7B4FD500323C4D /* GridElement.swift */,
			);
			path = Model;
			sourceTree = "<group>";
		};
		E9E778192A77F36A00FBBE4D /* View */ = {
			isa = PBXGroup;
			children = (
				E9DAD1892A7D6EB800E03A22 /* SettingsView */,
				E9FF6E612A75B96100DF9B87 /* BubbleWrap */,
				E9A8AE8F2A6DE25F00ED9FD4 /* NumberPickerView.swift */,
				E9A8AE912A6DE69100ED9FD4 /* ToggleView.swift */,
				E9E7781C2A77F3AA00FBBE4D /* SliderView */,
				E9E7781B2A77F3A000FBBE4D /* HelpView */,
				E9E7781D2A77F3BB00FBBE4D /* CatView */,
			);
			path = View;
			sourceTree = "<group>";
		};
		E9E7781A2A77F36F00FBBE4D /* ViewModel */ = {
			isa = PBXGroup;
			children = (
			);
			path = ViewModel;
			sourceTree = "<group>";
		};
		E9E7781B2A77F3A000FBBE4D /* HelpView */ = {
			isa = PBXGroup;
			children = (
				E9A8AEB02A7580F100ED9FD4 /* ToolbarHelpButton.swift */,
				E9A8AEAC2A755ACD00ED9FD4 /* HelpView.swift */,
			);
			path = HelpView;
			sourceTree = "<group>";
		};
		E9E7781C2A77F3AA00FBBE4D /* SliderView */ = {
			isa = PBXGroup;
			children = (
				E9A8AE932A6DE78E00ED9FD4 /* SlidersView.swift */,
				E9A8AEA82A754AB100ED9FD4 /* SliderMenuButtonView.swift */,
			);
			path = SliderView;
			sourceTree = "<group>";
		};
		E9E7781D2A77F3BB00FBBE4D /* CatView */ = {
			isa = PBXGroup;
			children = (
				E9A8AE972A6DEFCB00ED9FD4 /* CatView.swift */,
				E9A8AE992A6DF12600ED9FD4 /* HeartsView.swift */,
			);
			path = CatView;
			sourceTree = "<group>";
		};
		E9FF6E612A75B96100DF9B87 /* BubbleWrap */ = {
			isa = PBXGroup;
			children = (
				E9FF6E622A75B97A00DF9B87 /* BubbleWrapView.swift */,
				E9E7781E2A7804C600FBBE4D /* BubbleMenuButtonView.swift */,
				E9FF6E642A75B99D00DF9B87 /* BubbleView.swift */,
			);
			path = BubbleWrap;
			sourceTree = "<group>";
		};
/* End PBXGroup section */

/* Begin PBXNativeTarget section */
		E9A8AE722A6D9D8800ED9FD4 /* Haptic Toy */ = {
			isa = PBXNativeTarget;
			buildConfigurationList = E9A8AE812A6D9D8B00ED9FD4 /* Build configuration list for PBXNativeTarget "Haptic Toy" */;
			buildPhases = (
				E9A8AE6F2A6D9D8800ED9FD4 /* Sources */,
				E9A8AE702A6D9D8800ED9FD4 /* Frameworks */,
				E9A8AE712A6D9D8800ED9FD4 /* Resources */,
			);
			buildRules = (
			);
			dependencies = (
			);
			name = "Haptic Toy";
			productName = "Haptic Toy";
			productReference = E9A8AE732A6D9D8800ED9FD4 /* Haptic Toy.app */;
			productType = "com.apple.product-type.application";
		};
/* End PBXNativeTarget section */

/* Begin PBXProject section */
		E9A8AE6B2A6D9D8800ED9FD4 /* Project object */ = {
			isa = PBXProject;
			attributes = {
				BuildIndependentTargetsInParallel = 1;
				LastSwiftUpdateCheck = 1430;
				LastUpgradeCheck = 1430;
				TargetAttributes = {
					E9A8AE722A6D9D8800ED9FD4 = {
						CreatedOnToolsVersion = 14.3.1;
					};
				};
			};
			buildConfigurationList = E9A8AE6E2A6D9D8800ED9FD4 /* Build configuration list for PBXProject "Haptic Toy" */;
			compatibilityVersion = "Xcode 14.0";
			developmentRegion = en;
			hasScannedForEncodings = 0;
			knownRegions = (
				en,
				Base,
				ru,
			);
			mainGroup = E9A8AE6A2A6D9D8800ED9FD4;
			productRefGroup = E9A8AE742A6D9D8800ED9FD4 /* Products */;
			projectDirPath = "";
			projectRoot = "";
			targets = (
				E9A8AE722A6D9D8800ED9FD4 /* Haptic Toy */,
			);
		};
/* End PBXProject section */

/* Begin PBXResourcesBuildPhase section */
		E9A8AE712A6D9D8800ED9FD4 /* Resources */ = {
			isa = PBXResourcesBuildPhase;
			buildActionMask = 2147483647;
			files = (
				E9A8AE7E2A6D9D8B00ED9FD4 /* Preview Assets.xcassets in Resources */,
				E9E7783A2A79CD4300FBBE4D /* Localizable.strings in Resources */,
				E9E778232A78677000FBBE4D /* pop.mp3 in Resources */,
				E9A8AE7B2A6D9D8B00ED9FD4 /* Assets.xcassets in Resources */,
				E9E778372A796C9F00FBBE4D /* pop2.mp3 in Resources */,
				E9A8AE9F2A6E96A900ED9FD4 /* purring.wav in Resources */,
			);
			runOnlyForDeploymentPostprocessing = 0;
		};
/* End PBXResourcesBuildPhase section */

/* Begin PBXSourcesBuildPhase section */
		E9A8AE6F2A6D9D8800ED9FD4 /* Sources */ = {
			isa = PBXSourcesBuildPhase;
			buildActionMask = 2147483647;
			files = (
				E99934032A7B4FD500323C4D /* GridElement.swift in Sources */,
				E9A8AE792A6D9D8800ED9FD4 /* ContentView.swift in Sources */,
				E9636B272A7BF7EE006AF0BB /* DropViewDelegate.swift in Sources */,
				E9E7781F2A7804C600FBBE4D /* BubbleMenuButtonView.swift in Sources */,
				E9A8AEA92A754AB100ED9FD4 /* SliderMenuButtonView.swift in Sources */,
				E9A8AE862A6DA8FF00ED9FD4 /* HapticManager.swift in Sources */,
				E9DAD1882A7D13F700E03A22 /* LaunchView.swift in Sources */,
				E97D9F112A800FC400333816 /* HomeHeader.swift in Sources */,
				E9FF6E632A75B97A00DF9B87 /* BubbleWrapView.swift in Sources */,
				E9A8AE9C2A6E961100ED9FD4 /* AudioPlayer.swift in Sources */,
				E9A2B7462A80032600B933AA /* Strings.swift in Sources */,
				E9DAD18B2A7D6EC800E03A22 /* SettingsView.swift in Sources */,
				E998E10C2A7D82440047530E /* BlankView.swift in Sources */,
				E9A8AE982A6DEFCB00ED9FD4 /* CatView.swift in Sources */,
				E97D9F0E2A80089A00333816 /* LocalizationService.swift in Sources */,
				E9A8AE962A6DEBB000ED9FD4 /* SegmentedPicker.swift in Sources */,
				E9A8AEA12A6FFAA800ED9FD4 /* NavigationGrid.swift in Sources */,
				E9A8AEB12A7580F100ED9FD4 /* ToolbarHelpButton.swift in Sources */,
				E9A8AE942A6DE78E00ED9FD4 /* SlidersView.swift in Sources */,
				E9A8AE8B2A6DAD3B00ED9FD4 /* CheckboxStyle.swift in Sources */,
				E9A8AE772A6D9D8800ED9FD4 /* Haptic_ToyApp.swift in Sources */,
				E9FF6E652A75B99D00DF9B87 /* BubbleView.swift in Sources */,
				E9A8AE9A2A6DF12600ED9FD4 /* HeartsView.swift in Sources */,
				E9A8AEAB2A75509500ED9FD4 /* Constants.swift in Sources */,
				E9636B2A2A7BF85B006AF0BB /* OrderStorageService.swift in Sources */,
				E9A8AE922A6DE69100ED9FD4 /* ToggleView.swift in Sources */,
				E9A8AEAD2A755ACD00ED9FD4 /* HelpView.swift in Sources */,
				E9A8AE902A6DE25F00ED9FD4 /* NumberPickerView.swift in Sources */,
			);
			runOnlyForDeploymentPostprocessing = 0;
		};
/* End PBXSourcesBuildPhase section */

/* Begin PBXVariantGroup section */
		E9E7783C2A79CD4300FBBE4D /* Localizable.strings */ = {
			isa = PBXVariantGroup;
			children = (
				E9E7783B2A79CD4300FBBE4D /* en */,
				E9E7783D2A79CD4900FBBE4D /* ru */,
			);
			name = Localizable.strings;
			sourceTree = "<group>";
		};
/* End PBXVariantGroup section */

/* Begin XCBuildConfiguration section */
		E9A8AE7F2A6D9D8B00ED9FD4 /* Debug */ = {
			isa = XCBuildConfiguration;
			buildSettings = {
				ALWAYS_SEARCH_USER_PATHS = NO;
				CLANG_ANALYZER_NONNULL = YES;
				CLANG_ANALYZER_NUMBER_OBJECT_CONVERSION = YES_AGGRESSIVE;
				CLANG_CXX_LANGUAGE_STANDARD = "gnu++20";
				CLANG_ENABLE_MODULES = YES;
				CLANG_ENABLE_OBJC_ARC = YES;
				CLANG_ENABLE_OBJC_WEAK = YES;
				CLANG_WARN_BLOCK_CAPTURE_AUTORELEASING = YES;
				CLANG_WARN_BOOL_CONVERSION = YES;
				CLANG_WARN_COMMA = YES;
				CLANG_WARN_CONSTANT_CONVERSION = YES;
				CLANG_WARN_DEPRECATED_OBJC_IMPLEMENTATIONS = YES;
				CLANG_WARN_DIRECT_OBJC_ISA_USAGE = YES_ERROR;
				CLANG_WARN_DOCUMENTATION_COMMENTS = YES;
				CLANG_WARN_EMPTY_BODY = YES;
				CLANG_WARN_ENUM_CONVERSION = YES;
				CLANG_WARN_INFINITE_RECURSION = YES;
				CLANG_WARN_INT_CONVERSION = YES;
				CLANG_WARN_NON_LITERAL_NULL_CONVERSION = YES;
				CLANG_WARN_OBJC_IMPLICIT_RETAIN_SELF = YES;
				CLANG_WARN_OBJC_LITERAL_CONVERSION = YES;
				CLANG_WARN_OBJC_ROOT_CLASS = YES_ERROR;
				CLANG_WARN_QUOTED_INCLUDE_IN_FRAMEWORK_HEADER = YES;
				CLANG_WARN_RANGE_LOOP_ANALYSIS = YES;
				CLANG_WARN_STRICT_PROTOTYPES = YES;
				CLANG_WARN_SUSPICIOUS_MOVE = YES;
				CLANG_WARN_UNGUARDED_AVAILABILITY = YES_AGGRESSIVE;
				CLANG_WARN_UNREACHABLE_CODE = YES;
				CLANG_WARN__DUPLICATE_METHOD_MATCH = YES;
				COPY_PHASE_STRIP = NO;
				DEBUG_INFORMATION_FORMAT = dwarf;
				ENABLE_STRICT_OBJC_MSGSEND = YES;
				ENABLE_TESTABILITY = YES;
				GCC_C_LANGUAGE_STANDARD = gnu11;
				GCC_DYNAMIC_NO_PIC = NO;
				GCC_NO_COMMON_BLOCKS = YES;
				GCC_OPTIMIZATION_LEVEL = 0;
				GCC_PREPROCESSOR_DEFINITIONS = (
					"DEBUG=1",
					"$(inherited)",
				);
				GCC_WARN_64_TO_32_BIT_CONVERSION = YES;
				GCC_WARN_ABOUT_RETURN_TYPE = YES_ERROR;
				GCC_WARN_UNDECLARED_SELECTOR = YES;
				GCC_WARN_UNINITIALIZED_AUTOS = YES_AGGRESSIVE;
				GCC_WARN_UNUSED_FUNCTION = YES;
				GCC_WARN_UNUSED_VARIABLE = YES;
				IPHONEOS_DEPLOYMENT_TARGET = 16.4;
				MTL_ENABLE_DEBUG_INFO = INCLUDE_SOURCE;
				MTL_FAST_MATH = YES;
				ONLY_ACTIVE_ARCH = YES;
				SDKROOT = iphoneos;
				SWIFT_ACTIVE_COMPILATION_CONDITIONS = DEBUG;
				SWIFT_OPTIMIZATION_LEVEL = "-Onone";
			};
			name = Debug;
		};
		E9A8AE802A6D9D8B00ED9FD4 /* Release */ = {
			isa = XCBuildConfiguration;
			buildSettings = {
				ALWAYS_SEARCH_USER_PATHS = NO;
				CLANG_ANALYZER_NONNULL = YES;
				CLANG_ANALYZER_NUMBER_OBJECT_CONVERSION = YES_AGGRESSIVE;
				CLANG_CXX_LANGUAGE_STANDARD = "gnu++20";
				CLANG_ENABLE_MODULES = YES;
				CLANG_ENABLE_OBJC_ARC = YES;
				CLANG_ENABLE_OBJC_WEAK = YES;
				CLANG_WARN_BLOCK_CAPTURE_AUTORELEASING = YES;
				CLANG_WARN_BOOL_CONVERSION = YES;
				CLANG_WARN_COMMA = YES;
				CLANG_WARN_CONSTANT_CONVERSION = YES;
				CLANG_WARN_DEPRECATED_OBJC_IMPLEMENTATIONS = YES;
				CLANG_WARN_DIRECT_OBJC_ISA_USAGE = YES_ERROR;
				CLANG_WARN_DOCUMENTATION_COMMENTS = YES;
				CLANG_WARN_EMPTY_BODY = YES;
				CLANG_WARN_ENUM_CONVERSION = YES;
				CLANG_WARN_INFINITE_RECURSION = YES;
				CLANG_WARN_INT_CONVERSION = YES;
				CLANG_WARN_NON_LITERAL_NULL_CONVERSION = YES;
				CLANG_WARN_OBJC_IMPLICIT_RETAIN_SELF = YES;
				CLANG_WARN_OBJC_LITERAL_CONVERSION = YES;
				CLANG_WARN_OBJC_ROOT_CLASS = YES_ERROR;
				CLANG_WARN_QUOTED_INCLUDE_IN_FRAMEWORK_HEADER = YES;
				CLANG_WARN_RANGE_LOOP_ANALYSIS = YES;
				CLANG_WARN_STRICT_PROTOTYPES = YES;
				CLANG_WARN_SUSPICIOUS_MOVE = YES;
				CLANG_WARN_UNGUARDED_AVAILABILITY = YES_AGGRESSIVE;
				CLANG_WARN_UNREACHABLE_CODE = YES;
				CLANG_WARN__DUPLICATE_METHOD_MATCH = YES;
				COPY_PHASE_STRIP = NO;
				DEBUG_INFORMATION_FORMAT = "dwarf-with-dsym";
				ENABLE_NS_ASSERTIONS = NO;
				ENABLE_STRICT_OBJC_MSGSEND = YES;
				GCC_C_LANGUAGE_STANDARD = gnu11;
				GCC_NO_COMMON_BLOCKS = YES;
				GCC_WARN_64_TO_32_BIT_CONVERSION = YES;
				GCC_WARN_ABOUT_RETURN_TYPE = YES_ERROR;
				GCC_WARN_UNDECLARED_SELECTOR = YES;
				GCC_WARN_UNINITIALIZED_AUTOS = YES_AGGRESSIVE;
				GCC_WARN_UNUSED_FUNCTION = YES;
				GCC_WARN_UNUSED_VARIABLE = YES;
				IPHONEOS_DEPLOYMENT_TARGET = 16.4;
				MTL_ENABLE_DEBUG_INFO = NO;
				MTL_FAST_MATH = YES;
				SDKROOT = iphoneos;
				SWIFT_COMPILATION_MODE = wholemodule;
				SWIFT_OPTIMIZATION_LEVEL = "-O";
				VALIDATE_PRODUCT = YES;
			};
			name = Release;
		};
		E9A8AE822A6D9D8B00ED9FD4 /* Debug */ = {
			isa = XCBuildConfiguration;
			buildSettings = {
				ASSETCATALOG_COMPILER_ALTERNATE_APPICON_NAMES = AppDarkIcon;
				ASSETCATALOG_COMPILER_APPICON_NAME = AppIcon;
				ASSETCATALOG_COMPILER_GLOBAL_ACCENT_COLOR_NAME = AccentColor;
				ASSETCATALOG_COMPILER_INCLUDE_ALL_APPICON_ASSETS = YES;
				CODE_SIGN_STYLE = Automatic;
				CURRENT_PROJECT_VERSION = 1;
				DEVELOPMENT_ASSET_PATHS = "\"Haptic Toy/Preview Content\"";
				DEVELOPMENT_TEAM = 3V7H9MP56S;
				ENABLE_PREVIEWS = YES;
				GENERATE_INFOPLIST_FILE = YES;
				INFOPLIST_FILE = "Haptic-Toy-Info.plist";
				INFOPLIST_KEY_LSApplicationCategoryType = "public.app-category.lifestyle";
				INFOPLIST_KEY_UIApplicationSceneManifest_Generation = YES;
				INFOPLIST_KEY_UIApplicationSupportsIndirectInputEvents = YES;
				INFOPLIST_KEY_UIStatusBarStyle = "";
				INFOPLIST_KEY_UISupportedInterfaceOrientations = UIInterfaceOrientationPortrait;
				INFOPLIST_KEY_UISupportedInterfaceOrientations_iPad = "UIInterfaceOrientationLandscapeLeft UIInterfaceOrientationLandscapeRight UIInterfaceOrientationPortrait UIInterfaceOrientationPortraitUpsideDown";
				IPHONEOS_DEPLOYMENT_TARGET = 16.0;
				LD_RUNPATH_SEARCH_PATHS = (
					"$(inherited)",
					"@executable_path/Frameworks",
				);
				MARKETING_VERSION = 1.0;
				PRODUCT_BUNDLE_IDENTIFIER = "com.brave.Haptic-Toy";
				PRODUCT_NAME = "$(TARGET_NAME)";
				SUPPORTED_PLATFORMS = "iphoneos iphonesimulator";
				SUPPORTS_MACCATALYST = NO;
				SUPPORTS_MAC_DESIGNED_FOR_IPHONE_IPAD = NO;
				SWIFT_EMIT_LOC_STRINGS = YES;
				SWIFT_VERSION = 5.0;
				TARGETED_DEVICE_FAMILY = "1,2";
			};
			name = Debug;
		};
		E9A8AE832A6D9D8B00ED9FD4 /* Release */ = {
			isa = XCBuildConfiguration;
			buildSettings = {
				ASSETCATALOG_COMPILER_ALTERNATE_APPICON_NAMES = AppDarkIcon;
				ASSETCATALOG_COMPILER_APPICON_NAME = AppIcon;
				ASSETCATALOG_COMPILER_GLOBAL_ACCENT_COLOR_NAME = AccentColor;
				ASSETCATALOG_COMPILER_INCLUDE_ALL_APPICON_ASSETS = YES;
				CODE_SIGN_STYLE = Automatic;
				CURRENT_PROJECT_VERSION = 1;
				DEVELOPMENT_ASSET_PATHS = "\"Haptic Toy/Preview Content\"";
				DEVELOPMENT_TEAM = 3V7H9MP56S;
				ENABLE_PREVIEWS = YES;
				GENERATE_INFOPLIST_FILE = YES;
				INFOPLIST_FILE = "Haptic-Toy-Info.plist";
				INFOPLIST_KEY_LSApplicationCategoryType = "public.app-category.lifestyle";
				INFOPLIST_KEY_UIApplicationSceneManifest_Generation = YES;
				INFOPLIST_KEY_UIApplicationSupportsIndirectInputEvents = YES;
				INFOPLIST_KEY_UIStatusBarStyle = "";
				INFOPLIST_KEY_UISupportedInterfaceOrientations = UIInterfaceOrientationPortrait;
				INFOPLIST_KEY_UISupportedInterfaceOrientations_iPad = "UIInterfaceOrientationLandscapeLeft UIInterfaceOrientationLandscapeRight UIInterfaceOrientationPortrait UIInterfaceOrientationPortraitUpsideDown";
				IPHONEOS_DEPLOYMENT_TARGET = 16.0;
				LD_RUNPATH_SEARCH_PATHS = (
					"$(inherited)",
					"@executable_path/Frameworks",
				);
				MARKETING_VERSION = 1.0;
				PRODUCT_BUNDLE_IDENTIFIER = "com.brave.Haptic-Toy";
				PRODUCT_NAME = "$(TARGET_NAME)";
				SUPPORTED_PLATFORMS = "iphoneos iphonesimulator";
				SUPPORTS_MACCATALYST = NO;
				SUPPORTS_MAC_DESIGNED_FOR_IPHONE_IPAD = NO;
				SWIFT_EMIT_LOC_STRINGS = YES;
				SWIFT_VERSION = 5.0;
				TARGETED_DEVICE_FAMILY = "1,2";
			};
			name = Release;
		};
/* End XCBuildConfiguration section */

/* Begin XCConfigurationList section */
		E9A8AE6E2A6D9D8800ED9FD4 /* Build configuration list for PBXProject "Haptic Toy" */ = {
			isa = XCConfigurationList;
			buildConfigurations = (
				E9A8AE7F2A6D9D8B00ED9FD4 /* Debug */,
				E9A8AE802A6D9D8B00ED9FD4 /* Release */,
			);
			defaultConfigurationIsVisible = 0;
			defaultConfigurationName = Release;
		};
		E9A8AE812A6D9D8B00ED9FD4 /* Build configuration list for PBXNativeTarget "Haptic Toy" */ = {
			isa = XCConfigurationList;
			buildConfigurations = (
				E9A8AE822A6D9D8B00ED9FD4 /* Debug */,
				E9A8AE832A6D9D8B00ED9FD4 /* Release */,
			);
			defaultConfigurationIsVisible = 0;
			defaultConfigurationName = Release;
		};
/* End XCConfigurationList section */
	};
	rootObject = E9A8AE6B2A6D9D8800ED9FD4 /* Project object */;
}
